<?xml version="1.0" encoding="utf-8"?>
<Project ToolsVersion="4.0" xmlns="http://schemas.microsoft.com/developer/msbuild/2003">
  <ItemGroup>
    <Filter Include="Header Files">
      <UniqueIdentifier>{93995380-89BD-4b04-88EB-625FBE52EBFB}</UniqueIdentifier>
      <Extensions>h;hh;hpp;hxx;h++;hm;inl;inc;ipp;xsd</Extensions>
    </Filter>
    <Filter Include="Resource Files">
      <UniqueIdentifier>{67DA6AB6-F800-4c08-8B7A-83BB121AAD01}</UniqueIdentifier>
      <Extensions>rc;ico;cur;bmp;dlg;rc2;rct;bin;rgs;gif;jpg;jpeg;jpe;resx;tiff;tif;png;wav;mfcribbon-ms</Extensions>
    </Filter>
    <Filter Include="Header Files\Game">
      <UniqueIdentifier>{a6623313-369f-4564-a878-f3bc1f14f9e8}</UniqueIdentifier>
    </Filter>
    <Filter Include="Header Files\Game\World">
      <UniqueIdentifier>{3643e50e-4253-4467-aea1-657789a3f015}</UniqueIdentifier>
    </Filter>
    <Filter Include="Header Files\Render">
      <UniqueIdentifier>{1b55d650-7e9e-4ab3-be32-25249cf21789}</UniqueIdentifier>
    </Filter>
    <Filter Include="Header Files\Render\OpenGLWrapper">
      <UniqueIdentifier>{4316f4d2-8b91-4af5-b4bf-f868e76efe2a}</UniqueIdentifier>
    </Filter>
    <Filter Include="Header Files\Render\Controllers">
      <UniqueIdentifier>{e1d4936a-e003-4ac1-b243-49a315cd33c7}</UniqueIdentifier>
    </Filter>
    <Filter Include="Header Files\Render\GLSL">
      <UniqueIdentifier>{45055450-213e-43b1-9d33-0bcf269c85f6}</UniqueIdentifier>
    </Filter>
    <Filter Include="Header Files\3rd">
      <UniqueIdentifier>{ad74e688-b888-452e-82d0-4ac20c07f628}</UniqueIdentifier>
    </Filter>
    <Filter Include="Source Files">
      <UniqueIdentifier>{4FC737F1-C7A5-4376-A066-2A32D752A2FF}</UniqueIdentifier>
      <Extensions>cpp;c;cc;cxx;c++;def;odl;idl;hpj;bat;asm;asmx</Extensions>
    </Filter>
    <Filter Include="Source Files\Game">
      <UniqueIdentifier>{9ae57214-26f8-47f8-903e-054ed16cfafb}</UniqueIdentifier>
    </Filter>
    <Filter Include="Source Files\Game\Config">
      <UniqueIdentifier>{39a56a8b-8cc5-415f-9a09-8ca93c315a67}</UniqueIdentifier>
    </Filter>
    <Filter Include="Source Files\Render">
      <UniqueIdentifier>{21b1a9f9-3421-4a3f-a183-fdaeccfce2d7}</UniqueIdentifier>
    </Filter>
    <Filter Include="Source Files\Render\OpenGLWrapper">
      <UniqueIdentifier>{ef5c258d-515f-4529-80eb-280b892b2bcb}</UniqueIdentifier>
    </Filter>
    <Filter Include="Source Files\Render\Controllers">
      <UniqueIdentifier>{ccca15fd-aecb-4573-92a8-6ffe75289f4e}</UniqueIdentifier>
    </Filter>
    <Filter Include="Source Files\Render\GLSL">
      <UniqueIdentifier>{8b7eb36c-e83b-4c05-ad5f-4c0b18e4466d}</UniqueIdentifier>
    </Filter>
    <Filter Include="Source Files\Tickerable">
      <UniqueIdentifier>{2bfa5890-c8d3-47c4-a595-e5c9f9abedb1}</UniqueIdentifier>
    </Filter>
    <Filter Include="Source Files\Tickerable\Tasks">
      <UniqueIdentifier>{97a6a75c-ef05-41d2-8140-6c3f0fd9cf26}</UniqueIdentifier>
    </Filter>
    <Filter Include="Source Files\3rd">
      <UniqueIdentifier>{7811c44b-f9eb-4ff5-8642-0784c225df16}</UniqueIdentifier>
    </Filter>
    <Filter Include="Header Files\Tickerable">
      <UniqueIdentifier>{63873aa4-bf47-4581-9050-69acc7961949}</UniqueIdentifier>
    </Filter>
    <Filter Include="Header Files\Tickerable\Tasks">
      <UniqueIdentifier>{f1b22d8c-96d0-424d-aa45-078bee22b13b}</UniqueIdentifier>
    </Filter>
    <Filter Include="Header Files\Game\Global">
      <UniqueIdentifier>{aceb06a2-6fa2-45ba-931e-09161e9b0064}</UniqueIdentifier>
    </Filter>
  </ItemGroup>
  <ItemGroup>
    <ClCompile Include="Main.cpp">
      <Filter>Source Files</Filter>
    </ClCompile>
    <ClCompile Include="glad.c">
      <Filter>Source Files\Render</Filter>
    </ClCompile>
    <ClCompile Include="GLW_GLWrapper.cpp">
      <Filter>Source Files\Render\OpenGLWrapper</Filter>
    </ClCompile>
    <ClCompile Include="GLW_GLShader.cpp">
      <Filter>Source Files\Render\OpenGLWrapper</Filter>
    </ClCompile>
    <ClCompile Include="GLW_Types.hpp">
      <Filter>Header Files\Render\OpenGLWrapper</Filter>
    </ClCompile>
    <ClCompile Include="Renderer.cpp">
      <Filter>Source Files\Render</Filter>
    </ClCompile>
    <ClCompile Include="Render_Vertices.cpp">
      <Filter>Source Files\Render</Filter>
    </ClCompile>
    <ClCompile Include="CLR_World3D.cpp">
      <Filter>Source Files\Render\Controllers</Filter>
    </ClCompile>
    <ClCompile Include="CLR_Loading.cpp">
      <Filter>Source Files\Render\Controllers</Filter>
    </ClCompile>
    <ClCompile Include="GLW_Types.cpp">
      <Filter>Source Files\Render\OpenGLWrapper</Filter>
    </ClCompile>
    <ClCompile Include="TickClock.cpp">
      <Filter>Source Files\Tickerable</Filter>
    </ClCompile>
    <ClCompile Include="TKB_InputGetter.cpp">
      <Filter>Source Files\Tickerable\Tasks</Filter>
    </ClCompile>
    <ClCompile Include="WorldTickClock.cpp">
      <Filter>Source Files\Tickerable</Filter>
    </ClCompile>
    <ClCompile Include="TKB_ChunkLoader.cpp">
      <Filter>Source Files\Tickerable\Tasks</Filter>
    </ClCompile>
    <ClCompile Include="BitMapProcess.cpp">
      <Filter>Source Files\3rd</Filter>
    </ClCompile>
    <ClCompile Include="TKB_OutputGetter.cpp">
      <Filter>Source Files\Tickerable\Tasks</Filter>
    </ClCompile>
    <ClCompile Include="Other.cpp">
      <Filter>Source Files\3rd</Filter>
    </ClCompile>
    <ClCompile Include="GLSL_Code.cpp">
      <Filter>Source Files\Render\GLSL</Filter>
    </ClCompile>
    <ClCompile Include="GLB_Resources.cpp">
      <Filter>Source Files\Game\Config</Filter>
    </ClCompile>
    <ClCompile Include="GLB_GlobalVars.cpp">
      <Filter>Source Files\Game\Config</Filter>
    </ClCompile>
    <ClCompile Include="GLB_ControllerIDs.cpp">
      <Filter>Source Files\Game\Config</Filter>
    </ClCompile>
    <ClCompile Include="TKB_PhysicsEngine.cpp">
      <Filter>Source Files\Tickerable\Tasks</Filter>
    </ClCompile>
    <ClCompile Include="TKB_Logic.cpp">
      <Filter>Source Files\Tickerable\Tasks</Filter>
    </ClCompile>
  </ItemGroup>
  <ItemGroup>
    <ClInclude Include="GLW_GLWrapper.hpp">
      <Filter>Header Files\Render\OpenGLWrapper</Filter>
    </ClInclude>
    <ClInclude Include="GLW_GLShader.hpp">
      <Filter>Header Files\Render\OpenGLWrapper</Filter>
    </ClInclude>
    <ClInclude Include="Renderer.hpp">
      <Filter>Header Files\Render</Filter>
    </ClInclude>
    <ClInclude Include="Render_Types.hpp">
      <Filter>Header Files\Render</Filter>
    </ClInclude>
    <ClInclude Include="Render_Vertices.hpp">
      <Filter>Header Files\Render</Filter>
    </ClInclude>
    <ClInclude Include="GLSL_Code.hpp">
      <Filter>Header Files\Render\GLSL</Filter>
    </ClInclude>
    <ClInclude Include="GLW_GLHeaders.hpp">
      <Filter>Header Files\Render\OpenGLWrapper</Filter>
    </ClInclude>
    <ClInclude Include="CLR_Loading.hpp">
      <Filter>Header Files\Render\Controllers</Filter>
    </ClInclude>
    <ClInclude Include="CLR_World3D.hpp">
      <Filter>Header Files\Render\Controllers</Filter>
    </ClInclude>
    <ClInclude Include="GLW_GlmHeaders.hpp">
      <Filter>Header Files\Render\OpenGLWrapper</Filter>
    </ClInclude>
    <ClInclude Include="TickClock.hpp">
      <Filter>Header Files\Tickerable</Filter>
    </ClInclude>
    <ClInclude Include="TickClock_Types.hpp">
      <Filter>Header Files\Tickerable</Filter>
    </ClInclude>
    <ClInclude Include="TKB_InputGetter.hpp">
      <Filter>Header Files\Tickerable\Tasks</Filter>
    </ClInclude>
    <ClInclude Include="WorldTickClock.hpp">
      <Filter>Header Files\Tickerable</Filter>
    </ClInclude>
    <ClInclude Include="TKB_ChunkLoader.hpp">
      <Filter>Header Files\Tickerable\Tasks</Filter>
    </ClInclude>
    <ClInclude Include="BitMapProcess.hpp">
      <Filter>Header Files\3rd</Filter>
    </ClInclude>
    <ClInclude Include="TKB_OutputGetter.hpp">
      <Filter>Header Files\Tickerable\Tasks</Filter>
    </ClInclude>
    <ClInclude Include="Other.hpp">
      <Filter>Header Files\3rd</Filter>
    </ClInclude>
    <ClInclude Include="GLB_Resources.hpp">
      <Filter>Header Files\Game\Global</Filter>
    </ClInclude>
    <ClInclude Include="GLB_GlobalVars.hpp">
      <Filter>Header Files\Game\Global</Filter>
    </ClInclude>
    <ClInclude Include="GLB_ControllerIDs.hpp">
      <Filter>Header Files\Game\Global</Filter>
    </ClInclude>
    <ClInclude Include="CLR_World3DTypes.hpp">
      <Filter>Header Files\Render\Controllers</Filter>
    </ClInclude>
    <ClInclude Include="BitMask.hpp">
      <Filter>Header Files\3rd</Filter>
    </ClInclude>
    <ClInclude Include="TKB_PhysicsEngine.hpp">
      <Filter>Header Files\Tickerable\Tasks</Filter>
    </ClInclude>
    <ClInclude Include="TKB_Logic.hpp">
      <Filter>Header Files\Tickerable\Tasks</Filter>
    </ClInclude>
  </ItemGroup>
</Project>